<?xml version="1.0"?>
<CONFIG>
  <ProjectOptions>
    <PathDelim Value="\"/>
    <Version Value="6"/>
    <General>
      <MainUnit Value="0"/>
      <IconPath Value="./"/>
      <TargetFileExt Value=".exe"/>
      <ActiveEditorIndexAtStart Value="7"/>
    </General>
    <i18n>
      <EnableI18N Value="True"/>
      <OutDir Value="locale\eng\LC_MESSAGES"/>
    </i18n>
    <VersionInfo>
      <UseVersionInfo Value="True"/>
      <AutoIncrementBuild Value="True"/>
      <CurrentMajorRevNr Value="1"/>
      <CurrentBuildNr Value="10"/>
      <ProjectVersion Value="0.1.0.2"/>
      <Language Value="0809"/>
      <FileDescription Value="A simple Twitter Client with the Dweetta Lib"/>
      <LegalCopyright Value="Gustavo Carreno © 2009"/>
    </VersionInfo>
    <PublishOptions>
      <Version Value="2"/>
      <IgnoreBinaries Value="False"/>
      <IncludeFileFilter Value="*.(pas|pp|inc|lfm|lpr|lrs|lpi|lpk|sh|xml)"/>
      <ExcludeFileFilter Value="*.(bak|ppu|ppw|o|so);*~;backup"/>
    </PublishOptions>
    <RunParams>
      <local>
        <FormatVersion Value="1"/>
        <LaunchingApplication PathPlusParams="/usr/X11R6/bin/xterm -T 'Lazarus Run Output' -e $(LazarusDir)/tools/runwait.sh $(TargetCmdLine)"/>
      </local>
    </RunParams>
    <RequiredPackages Count="2">
      <Item1>
        <PackageName Value="virtualtreeslcl"/>
        <MinVersion Major="4" Release="17" Build="26" Valid="True"/>
      </Item1>
      <Item2>
        <PackageName Value="LCL"/>
      </Item2>
    </RequiredPackages>
    <Units Count="9">
      <Unit0>
        <Filename Value="DweettaClient.lpr"/>
        <IsPartOfProject Value="True"/>
        <UnitName Value="DweettaClient"/>
        <CursorPos X="1" Y="8"/>
        <TopLine Value="1"/>
        <EditorIndex Value="0"/>
        <UsageCount Value="22"/>
        <Loaded Value="True"/>
      </Unit0>
      <Unit1>
        <Filename Value="frmMainUnit.pas"/>
        <ComponentName Value="frmMain"/>
        <IsPartOfProject Value="True"/>
        <ResourceBaseClass Value="Form"/>
        <ResourceFilename Value="frmMainUnit.lrs"/>
        <UnitName Value="frmMainUnit"/>
        <CursorPos X="1" Y="8"/>
        <TopLine Value="1"/>
        <EditorIndex Value="1"/>
        <UsageCount Value="22"/>
        <Loaded Value="True"/>
      </Unit1>
      <Unit2>
        <Filename Value="..\..\src\DweettaContainers.pas"/>
        <IsPartOfProject Value="True"/>
        <UnitName Value="DweettaContainers"/>
        <CursorPos X="1" Y="8"/>
        <TopLine Value="1"/>
        <EditorIndex Value="5"/>
        <UsageCount Value="22"/>
        <Loaded Value="True"/>
      </Unit2>
      <Unit3>
        <Filename Value="..\..\src\DweettaTransport.pas"/>
        <IsPartOfProject Value="True"/>
        <UnitName Value="DweettaTransport"/>
        <CursorPos X="1" Y="9"/>
        <TopLine Value="1"/>
        <EditorIndex Value="6"/>
        <UsageCount Value="22"/>
        <Loaded Value="True"/>
      </Unit3>
      <Unit4>
        <Filename Value="..\..\src\Dweetta.pas"/>
        <IsPartOfProject Value="True"/>
        <UnitName Value="Dweetta"/>
        <CursorPos X="1" Y="8"/>
        <TopLine Value="1"/>
        <EditorIndex Value="3"/>
        <UsageCount Value="22"/>
        <Loaded Value="True"/>
      </Unit4>
      <Unit5>
        <Filename Value="..\..\src\DweettaAPI.pas"/>
        <IsPartOfProject Value="True"/>
        <UnitName Value="DweettaAPI"/>
        <CursorPos X="1" Y="9"/>
        <TopLine Value="1"/>
        <EditorIndex Value="4"/>
        <UsageCount Value="22"/>
        <Loaded Value="True"/>
      </Unit5>
      <Unit6>
        <Filename Value="..\..\src\DweettaCommon.pas"/>
        <UnitName Value="DweettaCommon"/>
        <CursorPos X="1" Y="1"/>
        <TopLine Value="1"/>
        <UsageCount Value="22"/>
      </Unit6>
      <Unit7>
        <Filename Value="..\..\src\DweettaSockets.pas"/>
        <IsPartOfProject Value="True"/>
        <UnitName Value="DweettaSockets"/>
        <CursorPos X="1" Y="8"/>
        <TopLine Value="1"/>
        <EditorIndex Value="7"/>
        <UsageCount Value="21"/>
        <Loaded Value="True"/>
      </Unit7>
      <Unit8>
        <Filename Value="Common.pas"/>
        <IsPartOfProject Value="True"/>
        <UnitName Value="Common"/>
        <CursorPos X="1" Y="1"/>
        <TopLine Value="1"/>
        <EditorIndex Value="2"/>
        <UsageCount Value="20"/>
        <Loaded Value="True"/>
      </Unit8>
    </Units>
    <JumpHistory Count="12" HistoryIndex="11">
      <Position1>
        <Filename Value="frmMainUnit.pas"/>
        <Caret Line="24" Column="22" TopLine="1"/>
      </Position1>
      <Position2>
        <Filename Value="frmMainUnit.pas"/>
        <Caret Line="15" Column="3" TopLine="1"/>
      </Position2>
      <Position3>
        <Filename Value="frmMainUnit.pas"/>
        <Caret Line="17" Column="14" TopLine="1"/>
      </Position3>
      <Position4>
        <Filename Value="frmMainUnit.pas"/>
        <Caret Line="18" Column="11" TopLine="1"/>
      </Position4>
      <Position5>
        <Filename Value="DweettaClient.lpr"/>
        <Caret Line="15" Column="1" TopLine="1"/>
      </Position5>
      <Position6>
        <Filename Value="DweettaClient.lpr"/>
        <Caret Line="19" Column="1" TopLine="1"/>
      </Position6>
      <Position7>
        <Filename Value="DweettaClient.lpr"/>
        <Caret Line="12" Column="74" TopLine="1"/>
      </Position7>
      <Position8>
        <Filename Value="frmMainUnit.pas"/>
        <Caret Line="23" Column="24" TopLine="1"/>
      </Position8>
      <Position9>
        <Filename Value="frmMainUnit.pas"/>
        <Caret Line="29" Column="47" TopLine="13"/>
      </Position9>
      <Position10>
        <Filename Value="frmMainUnit.pas"/>
        <Caret Line="30" Column="48" TopLine="18"/>
      </Position10>
      <Position11>
        <Filename Value="..\..\src\DweettaTransport.pas"/>
        <Caret Line="1" Column="1" TopLine="94"/>
      </Position11>
      <Position12>
        <Filename Value="..\..\src\DweettaTransport.pas"/>
        <Caret Line="106" Column="24" TopLine="94"/>
      </Position12>
    </JumpHistory>
  </ProjectOptions>
  <CompilerOptions>
    <Version Value="8"/>
    <PathDelim Value="\"/>
    <SearchPaths>
      <OtherUnitFiles Value="..\..\src\;..\..\lib\SuperObject\;..\..\lib\Synapse\"/>
      <UnitOutputDirectory Value="..\..\obj"/>
    </SearchPaths>
    <Parsing>
      <SyntaxOptions>
        <CStyleOperator Value="False"/>
      </SyntaxOptions>
    </Parsing>
    <Linking>
      <Options>
        <Win32>
          <GraphicApplication Value="True"/>
        </Win32>
      </Options>
    </Linking>
    <Other>
      <CompilerPath Value="$(CompPath)"/>
    </Other>
  </CompilerOptions>
  <Debugging>
    <Exceptions Count="2">
      <Item1>
        <Name Value="ECodetoolError"/>
      </Item1>
      <Item2>
        <Name Value="EFOpenError"/>
      </Item2>
    </Exceptions>
  </Debugging>
</CONFIG>
