<?xml version="1.0"?>
<CONFIG>
  <ProjectOptions>
    <PathDelim Value="\"/>
    <Version Value="6"/>
    <General>
      <MainUnit Value="0"/>
      <IconPath Value="./"/>
      <TargetFileExt Value=".exe"/>
      <Title Value="Dweetta Client v0.1.0.48"/>
      <UseXPManifest Value="True"/>
      <ActiveEditorIndexAtStart Value="0"/>
    </General>
    <i18n>
      <EnableI18N Value="True"/>
      <OutDir Value="locale\eng\LC_MESSAGES"/>
    </i18n>
    <VersionInfo>
      <UseVersionInfo Value="True"/>
      <CurrentMajorRevNr Value="1"/>
      <CurrentBuildNr Value="48"/>
      <ProjectVersion Value="0.1.0.2"/>
      <Language Value="0809"/>
      <FileDescription Value="A simple Twitter Client with the Dweetta Lib"/>
      <LegalCopyright Value="Gustavo Carreno © 2009"/>
    </VersionInfo>
    <PublishOptions>
      <Version Value="2"/>
      <IgnoreBinaries Value="False"/>
      <IncludeFileFilter Value="*.(pas|pp|inc|lfm|lpr|lrs|lpi|lpk|sh|xml)"/>
      <ExcludeFileFilter Value="*.(bak|ppu|ppw|o|so);*~;backup"/>
    </PublishOptions>
    <RunParams>
      <local>
        <FormatVersion Value="1"/>
        <LaunchingApplication PathPlusParams="/usr/X11R6/bin/xterm -T 'Lazarus Run Output' -e $(LazarusDir)/tools/runwait.sh $(TargetCmdLine)"/>
      </local>
    </RunParams>
    <RequiredPackages Count="2">
      <Item1>
        <PackageName Value="virtualtreeslcl"/>
        <MinVersion Major="4" Release="17" Build="26" Valid="True"/>
      </Item1>
      <Item2>
        <PackageName Value="LCL"/>
      </Item2>
    </RequiredPackages>
    <Units Count="23">
      <Unit0>
        <Filename Value="DweettaClient.lpr"/>
        <IsPartOfProject Value="True"/>
        <UnitName Value="DweettaClient"/>
        <CursorPos X="49" Y="44"/>
        <TopLine Value="6"/>
        <EditorIndex Value="0"/>
        <UsageCount Value="151"/>
        <Loaded Value="True"/>
      </Unit0>
      <Unit1>
        <Filename Value="frmMainUnit.pas"/>
        <ComponentName Value="frmMain"/>
        <IsPartOfProject Value="True"/>
        <ResourceBaseClass Value="Form"/>
        <ResourceFilename Value="frmMainUnit.lrs"/>
        <UnitName Value="frmMainUnit"/>
        <CursorPos X="99" Y="9"/>
        <TopLine Value="1"/>
        <EditorIndex Value="2"/>
        <UsageCount Value="151"/>
        <Loaded Value="True"/>
      </Unit1>
      <Unit2>
        <Filename Value="..\..\src\DweettaContainers.pas"/>
        <IsPartOfProject Value="True"/>
        <UnitName Value="DweettaContainers"/>
        <CursorPos X="1" Y="13"/>
        <TopLine Value="1"/>
        <EditorIndex Value="5"/>
        <UsageCount Value="151"/>
        <Loaded Value="True"/>
      </Unit2>
      <Unit3>
        <Filename Value="..\..\src\DweettaTransport.pas"/>
        <IsPartOfProject Value="True"/>
        <UnitName Value="DweettaTransport"/>
        <CursorPos X="63" Y="159"/>
        <TopLine Value="142"/>
        <EditorIndex Value="6"/>
        <UsageCount Value="151"/>
        <Loaded Value="True"/>
      </Unit3>
      <Unit4>
        <Filename Value="..\..\src\Dweetta.pas"/>
        <IsPartOfProject Value="True"/>
        <UnitName Value="Dweetta"/>
        <CursorPos X="48" Y="156"/>
        <TopLine Value="218"/>
        <EditorIndex Value="3"/>
        <UsageCount Value="151"/>
        <Loaded Value="True"/>
      </Unit4>
      <Unit5>
        <Filename Value="..\..\src\DweettaAPI.pas"/>
        <IsPartOfProject Value="True"/>
        <UnitName Value="DweettaAPI"/>
        <CursorPos X="61" Y="388"/>
        <TopLine Value="353"/>
        <EditorIndex Value="4"/>
        <UsageCount Value="151"/>
        <Loaded Value="True"/>
      </Unit5>
      <Unit6>
        <Filename Value="..\..\src\DweettaCommon.pas"/>
        <UnitName Value="DweettaCommon"/>
        <CursorPos X="1" Y="1"/>
        <TopLine Value="1"/>
        <UsageCount Value="11"/>
      </Unit6>
      <Unit7>
        <Filename Value="..\..\src\DweettaSockets.pas"/>
        <IsPartOfProject Value="True"/>
        <UnitName Value="DweettaSockets"/>
        <CursorPos X="1" Y="1"/>
        <TopLine Value="86"/>
        <EditorIndex Value="8"/>
        <UsageCount Value="150"/>
        <Loaded Value="True"/>
      </Unit7>
      <Unit8>
        <Filename Value="Common.pas"/>
        <IsPartOfProject Value="True"/>
        <UnitName Value="Common"/>
        <CursorPos X="1" Y="8"/>
        <TopLine Value="1"/>
        <UsageCount Value="149"/>
      </Unit8>
      <Unit9>
        <Filename Value="..\..\src\Dweetta.inc"/>
        <CursorPos X="1" Y="12"/>
        <TopLine Value="94"/>
        <EditorIndex Value="1"/>
        <UsageCount Value="70"/>
        <Loaded Value="True"/>
      </Unit9>
      <Unit10>
        <Filename Value="..\..\src\DweettaExceptions.pas"/>
        <IsPartOfProject Value="True"/>
        <UnitName Value="DweettaExceptions"/>
        <CursorPos X="1" Y="13"/>
        <TopLine Value="1"/>
        <EditorIndex Value="9"/>
        <UsageCount Value="143"/>
        <Loaded Value="True"/>
      </Unit10>
      <Unit11>
        <Filename Value="..\..\src\DweettaTypes.pas"/>
        <IsPartOfProject Value="True"/>
        <UnitName Value="DweettaTypes"/>
        <CursorPos X="1" Y="1"/>
        <TopLine Value="1"/>
        <EditorIndex Value="7"/>
        <UsageCount Value="142"/>
        <Loaded Value="True"/>
      </Unit11>
      <Unit12>
        <Filename Value="frmSettingsUnit.pas"/>
        <ComponentName Value="frmSettings"/>
        <IsPartOfProject Value="True"/>
        <ResourceBaseClass Value="Form"/>
        <ResourceFilename Value="frmSettingsUnit.lrs"/>
        <UnitName Value="frmSettingsUnit"/>
        <CursorPos X="33" Y="49"/>
        <TopLine Value="27"/>
        <UsageCount Value="140"/>
      </Unit12>
      <Unit13>
        <Filename Value="C:\Lazarus\fpc\2.2.2\source\rtl\objpas\sysutils\datih.inc"/>
        <CursorPos X="4" Y="29"/>
        <TopLine Value="11"/>
        <UsageCount Value="10"/>
      </Unit13>
      <Unit14>
        <Filename Value="C:\Lazarus\fpc\2.2.2\source\rtl\objpas\dateutils.pp"/>
        <UnitName Value="dateutils"/>
        <CursorPos X="11" Y="1"/>
        <TopLine Value="1"/>
        <UsageCount Value="10"/>
      </Unit14>
      <Unit15>
        <Filename Value="C:\Lazarus\fpc\2.2.2\source\rtl\objpas\dateutil.inc"/>
        <CursorPos X="59" Y="351"/>
        <TopLine Value="331"/>
        <UsageCount Value="10"/>
      </Unit15>
      <Unit16>
        <Filename Value="C:\Lazarus\fpc\2.2.2\source\rtl\objpas\math.pp"/>
        <UnitName Value="math"/>
        <CursorPos X="8" Y="106"/>
        <TopLine Value="88"/>
        <UsageCount Value="10"/>
      </Unit16>
      <Unit17>
        <Filename Value="..\..\lib\Synapse\httpsend.pas"/>
        <UnitName Value="httpsend"/>
        <CursorPos X="52" Y="333"/>
        <TopLine Value="314"/>
        <UsageCount Value="11"/>
      </Unit17>
      <Unit18>
        <Filename Value="C:\Lazarus\myComponents\virtualtrees-4.0.17.26\virtualtrees.pas"/>
        <UnitName Value="VirtualTrees"/>
        <CursorPos X="37" Y="23218"/>
        <TopLine Value="23208"/>
        <UsageCount Value="2"/>
      </Unit18>
      <Unit19>
        <Filename Value="..\..\src\DweettaUtils.pas"/>
        <IsPartOfProject Value="True"/>
        <UnitName Value="DweettaUtils"/>
        <CursorPos X="1" Y="1"/>
        <TopLine Value="1"/>
        <EditorIndex Value="10"/>
        <UsageCount Value="108"/>
        <Loaded Value="True"/>
      </Unit19>
      <Unit20>
        <Filename Value="..\..\lib\Synapse\blcksock.pas"/>
        <UnitName Value="blcksock"/>
        <CursorPos X="1" Y="1681"/>
        <TopLine Value="1662"/>
        <UsageCount Value="11"/>
      </Unit20>
      <Unit21>
        <Filename Value="..\..\lib\Synapse\synaip.pas"/>
        <UnitName Value="synaip"/>
        <CursorPos X="1" Y="129"/>
        <TopLine Value="110"/>
        <UsageCount Value="10"/>
      </Unit21>
      <Unit22>
        <Filename Value="..\..\lib\Synapse\sswin32.pas"/>
        <UnitName Value="sswin32"/>
        <CursorPos X="1" Y="1234"/>
        <TopLine Value="1215"/>
        <UsageCount Value="10"/>
      </Unit22>
    </Units>
    <JumpHistory Count="23" HistoryIndex="22">
      <Position1>
        <Filename Value="..\..\src\DweettaUtils.pas"/>
        <Caret Line="57" Column="25" TopLine="37"/>
      </Position1>
      <Position2>
        <Filename Value="..\..\src\DweettaTransport.pas"/>
        <Caret Line="85" Column="8" TopLine="85"/>
      </Position2>
      <Position3>
        <Filename Value="..\..\src\DweettaTransport.pas"/>
        <Caret Line="44" Column="69" TopLine="43"/>
      </Position3>
      <Position4>
        <Filename Value="..\..\src\DweettaTransport.pas"/>
        <Caret Line="70" Column="50" TopLine="59"/>
      </Position4>
      <Position5>
        <Filename Value="..\..\src\DweettaTransport.pas"/>
        <Caret Line="47" Column="5" TopLine="45"/>
      </Position5>
      <Position6>
        <Filename Value="..\..\src\DweettaTransport.pas"/>
        <Caret Line="153" Column="1" TopLine="147"/>
      </Position6>
      <Position7>
        <Filename Value="..\..\src\DweettaTransport.pas"/>
        <Caret Line="45" Column="50" TopLine="37"/>
      </Position7>
      <Position8>
        <Filename Value="..\..\src\DweettaTransport.pas"/>
        <Caret Line="104" Column="29" TopLine="85"/>
      </Position8>
      <Position9>
        <Filename Value="..\..\src\DweettaTransport.pas"/>
        <Caret Line="46" Column="10" TopLine="16"/>
      </Position9>
      <Position10>
        <Filename Value="..\..\src\DweettaTransport.pas"/>
        <Caret Line="113" Column="12" TopLine="94"/>
      </Position10>
      <Position11>
        <Filename Value="..\..\src\DweettaTransport.pas"/>
        <Caret Line="122" Column="31" TopLine="103"/>
      </Position11>
      <Position12>
        <Filename Value="..\..\src\DweettaTransport.pas"/>
        <Caret Line="113" Column="12" TopLine="94"/>
      </Position12>
      <Position13>
        <Filename Value="..\..\src\DweettaTransport.pas"/>
        <Caret Line="122" Column="31" TopLine="103"/>
      </Position13>
      <Position14>
        <Filename Value="..\..\src\DweettaAPI.pas"/>
        <Caret Line="305" Column="59" TopLine="451"/>
      </Position14>
      <Position15>
        <Filename Value="..\..\src\DweettaSockets.pas"/>
        <Caret Line="120" Column="29" TopLine="86"/>
      </Position15>
      <Position16>
        <Filename Value="..\..\src\DweettaAPI.pas"/>
        <Caret Line="1" Column="1" TopLine="1"/>
      </Position16>
      <Position17>
        <Filename Value="..\..\src\DweettaAPI.pas"/>
        <Caret Line="97" Column="1" TopLine="78"/>
      </Position17>
      <Position18>
        <Filename Value="..\..\src\DweettaAPI.pas"/>
        <Caret Line="102" Column="1" TopLine="83"/>
      </Position18>
      <Position19>
        <Filename Value="..\..\src\DweettaAPI.pas"/>
        <Caret Line="109" Column="1" TopLine="90"/>
      </Position19>
      <Position20>
        <Filename Value="..\..\src\DweettaAPI.pas"/>
        <Caret Line="371" Column="44" TopLine="350"/>
      </Position20>
      <Position21>
        <Filename Value="..\..\src\DweettaAPI.pas"/>
        <Caret Line="109" Column="1" TopLine="90"/>
      </Position21>
      <Position22>
        <Filename Value="..\..\src\DweettaAPI.pas"/>
        <Caret Line="102" Column="1" TopLine="83"/>
      </Position22>
      <Position23>
        <Filename Value="..\..\src\DweettaAPI.pas"/>
        <Caret Line="97" Column="1" TopLine="78"/>
      </Position23>
    </JumpHistory>
  </ProjectOptions>
  <CompilerOptions>
    <Version Value="8"/>
    <PathDelim Value="\"/>
    <SearchPaths>
      <IncludeFiles Value="..\..\src\"/>
      <OtherUnitFiles Value="..\..\src\;..\..\lib\SuperObject\;..\..\lib\Synapse\"/>
      <UnitOutputDirectory Value="..\..\obj"/>
    </SearchPaths>
    <Parsing>
      <SyntaxOptions>
        <CStyleOperator Value="False"/>
      </SyntaxOptions>
    </Parsing>
    <Linking>
      <Options>
        <Win32>
          <GraphicApplication Value="True"/>
        </Win32>
      </Options>
    </Linking>
    <Other>
      <CompilerPath Value="$(CompPath)"/>
    </Other>
  </CompilerOptions>
  <Debugging>
    <Watches Count="1">
      <Item1>
        <Expression Value="Params"/>
      </Item1>
    </Watches>
    <Exceptions Count="2">
      <Item1>
        <Name Value="ECodetoolError"/>
      </Item1>
      <Item2>
        <Name Value="EFOpenError"/>
      </Item2>
    </Exceptions>
  </Debugging>
</CONFIG>
